{
  "name": "just-ai-help",
  "version": "0.1.0",
  "lockfileVersion": 3,
  "requires": true,
  "packages": {
    "": {
      "name": "just-ai-help",
      "version": "0.1.0",
      "license": "GPL-3.0-or-later",
      "bin": {
        "just-ai-help": "src/translate.mjs"
      },
      "engines": {
        "node": ">=20"
      }
    }
  }
}
